
Microsoft Visual Studio Solution File, Format Version 12.00
# Visual Studio Version 17
VisualStudioVersion = 17.12.35309.182
MinimumVisualStudioVersion = 10.0.40219.1
Project("{FAE04EC0-301F-11D3-BF4B-00C04F79EFBC}") = "RMS.Web", "RMS.Web.csproj", "{4E51FAC6-8A25-4806-B502-9BC2E610DBDA}"
EndProject
Global
	GlobalSection(SolutionConfigurationPlatforms) = preSolution
		Debug|Any CPU = Debug|Any CPU
		Release|Any CPU = Release|Any CPU
	EndGlobalSection
	GlobalSection(ProjectConfigurationPlatforms) = postSolution
		{4E51FAC6-8A25-4806-B502-9BC2E610DBDA}.Debug|Any CPU.ActiveCfg = Debug|Any CPU
		{4E51FAC6-8A25-4806-B502-9BC2E610DBDA}.Debug|Any CPU.Build.0 = Debug|Any CPU
		{4E51FAC6-8A25-4806-B502-9BC2E610DBDA}.Release|Any CPU.ActiveCfg = Release|Any CPU
		{4E51FAC6-8A25-4806-B502-9BC2E610DBDA}.Release|Any CPU.Build.0 = Release|Any CPU
	EndGlobalSection
	GlobalSection(SolutionProperties) = preSolution
		HideSolutionNode = FALSE
	EndGlobalSection
	GlobalSection(ExtensibilityGlobals) = postSolution
		SolutionGuid = {F7CCB94F-098C-4E6A-A774-B9283348079A}
	EndGlobalSection
EndGlobal
